
Microsoft Visual Studio Solution File, Format Version 12.00
# Visual Studio 15
VisualStudioVersion = 15.0.28307.271
MinimumVisualStudioVersion = 10.0.40219.1
Project("{FAE04EC0-301F-11D3-BF4B-00C04F79EFBC}") = "ConsoleApp1", "ConsoleApp1\ConsoleApp1.csproj", "{A661F953-2F99-4B6E-B493-F649D6B852D3}"
EndProject
Project("{FAE04EC0-301F-11D3-BF4B-00C04F79EFBC}") = "Mock1", "Mock1\Mock1.csproj", "{45ABDADF-A7A1-4B29-8608-AF36B1D2BEE3}"
EndProject
Project("{FAE04EC0-301F-11D3-BF4B-00C04F79EFBC}") = "demo1", "demo1\demo1.csproj", "{7CF20C75-42B2-4415-9781-A66CD81AEC10}"
EndProject
Project("{FAE04EC0-301F-11D3-BF4B-00C04F79EFBC}") = "InsuranceService", "InsuranceService\InsuranceService.csproj", "{48F3EA78-C465-4F39-93D1-D346F6B60369}"
EndProject
Global
	GlobalSection(SolutionConfigurationPlatforms) = preSolution
		Debug|Any CPU = Debug|Any CPU
		Release|Any CPU = Release|Any CPU
	EndGlobalSection
	GlobalSection(ProjectConfigurationPlatforms) = postSolution
		{A661F953-2F99-4B6E-B493-F649D6B852D3}.Debug|Any CPU.ActiveCfg = Debug|Any CPU
		{A661F953-2F99-4B6E-B493-F649D6B852D3}.Debug|Any CPU.Build.0 = Debug|Any CPU
		{A661F953-2F99-4B6E-B493-F649D6B852D3}.Release|Any CPU.ActiveCfg = Release|Any CPU
		{A661F953-2F99-4B6E-B493-F649D6B852D3}.Release|Any CPU.Build.0 = Release|Any CPU
		{45ABDADF-A7A1-4B29-8608-AF36B1D2BEE3}.Debug|Any CPU.ActiveCfg = Debug|Any CPU
		{45ABDADF-A7A1-4B29-8608-AF36B1D2BEE3}.Debug|Any CPU.Build.0 = Debug|Any CPU
		{45ABDADF-A7A1-4B29-8608-AF36B1D2BEE3}.Release|Any CPU.ActiveCfg = Release|Any CPU
		{45ABDADF-A7A1-4B29-8608-AF36B1D2BEE3}.Release|Any CPU.Build.0 = Release|Any CPU
		{7CF20C75-42B2-4415-9781-A66CD81AEC10}.Debug|Any CPU.ActiveCfg = Debug|Any CPU
		{7CF20C75-42B2-4415-9781-A66CD81AEC10}.Debug|Any CPU.Build.0 = Debug|Any CPU
		{7CF20C75-42B2-4415-9781-A66CD81AEC10}.Release|Any CPU.ActiveCfg = Release|Any CPU
		{7CF20C75-42B2-4415-9781-A66CD81AEC10}.Release|Any CPU.Build.0 = Release|Any CPU
		{48F3EA78-C465-4F39-93D1-D346F6B60369}.Debug|Any CPU.ActiveCfg = Debug|Any CPU
		{48F3EA78-C465-4F39-93D1-D346F6B60369}.Debug|Any CPU.Build.0 = Debug|Any CPU
		{48F3EA78-C465-4F39-93D1-D346F6B60369}.Release|Any CPU.ActiveCfg = Release|Any CPU
		{48F3EA78-C465-4F39-93D1-D346F6B60369}.Release|Any CPU.Build.0 = Release|Any CPU
	EndGlobalSection
	GlobalSection(SolutionProperties) = preSolution
		HideSolutionNode = FALSE
	EndGlobalSection
	GlobalSection(ExtensibilityGlobals) = postSolution
		SolutionGuid = {AC2B8CA8-FF8A-4122-817D-F8CBF8B85B1B}
	EndGlobalSection
EndGlobal
